// !$*UTF8*$!
{
	archiveVersion = 1;
	classes = {
	};
	objectVersion = 50;
	objects = {

/* Begin PBXBuildFile section */
		4D533DEC21EEEA57000B771D /* DefaultImplementations.swift in Sources */ = {isa = PBXBuildFile; fileRef = 4D533DEB21EEEA57000B771D /* DefaultImplementations.swift */; };
		4D533DEE21EEF9B1000B771D /* ViewModel.swift in Sources */ = {isa = PBXBuildFile; fileRef = 4D533DED21EEF9B1000B771D /* ViewModel.swift */; };
		4D533DF021EF37CF000B771D /* ActivityIndicator.swift in Sources */ = {isa = PBXBuildFile; fileRef = 4D533DEF21EF37CF000B771D /* ActivityIndicator.swift */; };
		4D61C64321E88DC500C1960F /* AppDelegate.swift in Sources */ = {isa = PBXBuildFile; fileRef = 4D61C64221E88DC500C1960F /* AppDelegate.swift */; };
		4D61C64521E88DC500C1960F /* ViewController.swift in Sources */ = {isa = PBXBuildFile; fileRef = 4D61C64421E88DC500C1960F /* ViewController.swift */; };
		4D61C64821E88DC500C1960F /* Main.storyboard in Resources */ = {isa = PBXBuildFile; fileRef = 4D61C64621E88DC500C1960F /* Main.storyboard */; };
		4D61C64A21E88DC600C1960F /* Assets.xcassets in Resources */ = {isa = PBXBuildFile; fileRef = 4D61C64921E88DC600C1960F /* Assets.xcassets */; };
		4D61C64D21E88DC600C1960F /* LaunchScreen.storyboard in Resources */ = {isa = PBXBuildFile; fileRef = 4D61C64B21E88DC600C1960F /* LaunchScreen.storyboard */; };
		4D61C65E21E8A9AD00C1960F /* Response+ObjectMapper.swift in Sources */ = {isa = PBXBuildFile; fileRef = 4D61C65D21E8A9AD00C1960F /* Response+ObjectMapper.swift */; };
		4D61C66121E8A9BD00C1960F /* Single+ObjectMapper.swift in Sources */ = {isa = PBXBuildFile; fileRef = 4D61C65F21E8A9BD00C1960F /* Single+ObjectMapper.swift */; };
		4D61C66221E8A9BD00C1960F /* ObservableType+ObjectMapper.swift in Sources */ = {isa = PBXBuildFile; fileRef = 4D61C66021E8A9BD00C1960F /* ObservableType+ObjectMapper.swift */; };
		4D7F554421EEDF3D007E22FC /* BindingExtension.swift in Sources */ = {isa = PBXBuildFile; fileRef = 4D7F554321EEDF3D007E22FC /* BindingExtension.swift */; };
		4D7F554621EEDF90007E22FC /* Protocol.swift in Sources */ = {isa = PBXBuildFile; fileRef = 4D7F554521EEDF90007E22FC /* Protocol.swift */; };
		4D91BBE521F05FF500C0E9EF /* TestViewController.swift in Sources */ = {isa = PBXBuildFile; fileRef = 4D91BBE421F05FF500C0E9EF /* TestViewController.swift */; };
		4D91BBEB21F072F400C0E9EF /* RxUIApplicationDelegateProxy.swift in Sources */ = {isa = PBXBuildFile; fileRef = 4D91BBEA21F072F400C0E9EF /* RxUIApplicationDelegateProxy.swift */; };
		4D91BBED21F074C300C0E9EF /* UIApplication+Rx.swift in Sources */ = {isa = PBXBuildFile; fileRef = 4D91BBEC21F074C300C0E9EF /* UIApplication+Rx.swift */; };
		4D91BBEF21F0800900C0E9EF /* RxImagePickerDelegateProxy.swift in Sources */ = {isa = PBXBuildFile; fileRef = 4D91BBEE21F0800900C0E9EF /* RxImagePickerDelegateProxy.swift */; };
		4D91BBF321F0825C00C0E9EF /* UIImagePickerController+Rx.swift in Sources */ = {isa = PBXBuildFile; fileRef = 4D91BBF221F0825C00C0E9EF /* UIImagePickerController+Rx.swift */; };
		4D91BBF521F08D9900C0E9EF /* UIImagePickerController+RxCreate.swift in Sources */ = {isa = PBXBuildFile; fileRef = 4D91BBF421F08D9900C0E9EF /* UIImagePickerController+RxCreate.swift */; };
		C8B2EAF4438F9DD3EF8E322E /* Pods_RxSwiftMVVM.framework in Frameworks */ = {isa = PBXBuildFile; fileRef = A1497ADF3F615BB6CFA1A4E5 /* Pods_RxSwiftMVVM.framework */; };
/* End PBXBuildFile section */

/* Begin PBXFileReference section */
		112354459258E0586D12A563 /* Pods-RxSwiftMVVM.release.xcconfig */ = {isa = PBXFileReference; includeInIndex = 1; lastKnownFileType = text.xcconfig; name = "Pods-RxSwiftMVVM.release.xcconfig"; path = "Pods/Target Support Files/Pods-RxSwiftMVVM/Pods-RxSwiftMVVM.release.xcconfig"; sourceTree = "<group>"; };
		4D533DEB21EEEA57000B771D /* DefaultImplementations.swift */ = {isa = PBXFileReference; lastKnownFileType = sourcecode.swift; path = DefaultImplementations.swift; sourceTree = "<group>"; };
		4D533DED21EEF9B1000B771D /* ViewModel.swift */ = {isa = PBXFileReference; lastKnownFileType = sourcecode.swift; path = ViewModel.swift; sourceTree = "<group>"; };
		4D533DEF21EF37CF000B771D /* ActivityIndicator.swift */ = {isa = PBXFileReference; lastKnownFileType = sourcecode.swift; path = ActivityIndicator.swift; sourceTree = "<group>"; };
		4D61C63F21E88DC500C1960F /* RxSwiftMVVM.app */ = {isa = PBXFileReference; explicitFileType = wrapper.application; includeInIndex = 0; path = RxSwiftMVVM.app; sourceTree = BUILT_PRODUCTS_DIR; };
		4D61C64221E88DC500C1960F /* AppDelegate.swift */ = {isa = PBXFileReference; lastKnownFileType = sourcecode.swift; path = AppDelegate.swift; sourceTree = "<group>"; };
		4D61C64421E88DC500C1960F /* ViewController.swift */ = {isa = PBXFileReference; lastKnownFileType = sourcecode.swift; path = ViewController.swift; sourceTree = "<group>"; };
		4D61C64721E88DC500C1960F /* Base */ = {isa = PBXFileReference; lastKnownFileType = file.storyboard; name = Base; path = Base.lproj/Main.storyboard; sourceTree = "<group>"; };
		4D61C64921E88DC600C1960F /* Assets.xcassets */ = {isa = PBXFileReference; lastKnownFileType = folder.assetcatalog; path = Assets.xcassets; sourceTree = "<group>"; };
		4D61C64C21E88DC600C1960F /* Base */ = {isa = PBXFileReference; lastKnownFileType = file.storyboard; name = Base; path = Base.lproj/LaunchScreen.storyboard; sourceTree = "<group>"; };
		4D61C64E21E88DC600C1960F /* Info.plist */ = {isa = PBXFileReference; lastKnownFileType = text.plist.xml; path = Info.plist; sourceTree = "<group>"; };
		4D61C65D21E8A9AD00C1960F /* Response+ObjectMapper.swift */ = {isa = PBXFileReference; fileEncoding = 4; lastKnownFileType = sourcecode.swift; path = "Response+ObjectMapper.swift"; sourceTree = "<group>"; };
		4D61C65F21E8A9BD00C1960F /* Single+ObjectMapper.swift */ = {isa = PBXFileReference; fileEncoding = 4; lastKnownFileType = sourcecode.swift; path = "Single+ObjectMapper.swift"; sourceTree = "<group>"; };
		4D61C66021E8A9BD00C1960F /* ObservableType+ObjectMapper.swift */ = {isa = PBXFileReference; fileEncoding = 4; lastKnownFileType = sourcecode.swift; path = "ObservableType+ObjectMapper.swift"; sourceTree = "<group>"; };
		4D7F554321EEDF3D007E22FC /* BindingExtension.swift */ = {isa = PBXFileReference; lastKnownFileType = sourcecode.swift; path = BindingExtension.swift; sourceTree = "<group>"; };
		4D7F554521EEDF90007E22FC /* Protocol.swift */ = {isa = PBXFileReference; lastKnownFileType = sourcecode.swift; path = Protocol.swift; sourceTree = "<group>"; };
		4D91BBE421F05FF500C0E9EF /* TestViewController.swift */ = {isa = PBXFileReference; lastKnownFileType = sourcecode.swift; path = TestViewController.swift; sourceTree = "<group>"; };
		4D91BBEA21F072F400C0E9EF /* RxUIApplicationDelegateProxy.swift */ = {isa = PBXFileReference; lastKnownFileType = sourcecode.swift; path = RxUIApplicationDelegateProxy.swift; sourceTree = "<group>"; };
		4D91BBEC21F074C300C0E9EF /* UIApplication+Rx.swift */ = {isa = PBXFileReference; lastKnownFileType = sourcecode.swift; path = "UIApplication+Rx.swift"; sourceTree = "<group>"; };
		4D91BBEE21F0800900C0E9EF /* RxImagePickerDelegateProxy.swift */ = {isa = PBXFileReference; lastKnownFileType = sourcecode.swift; path = RxImagePickerDelegateProxy.swift; sourceTree = "<group>"; };
		4D91BBF221F0825C00C0E9EF /* UIImagePickerController+Rx.swift */ = {isa = PBXFileReference; lastKnownFileType = sourcecode.swift; path = "UIImagePickerController+Rx.swift"; sourceTree = "<group>"; };
		4D91BBF421F08D9900C0E9EF /* UIImagePickerController+RxCreate.swift */ = {isa = PBXFileReference; lastKnownFileType = sourcecode.swift; path = "UIImagePickerController+RxCreate.swift"; sourceTree = "<group>"; };
		7A066CBD7325DBAB950FAFE5 /* Pods-RxSwiftMVVM.debug.xcconfig */ = {isa = PBXFileReference; includeInIndex = 1; lastKnownFileType = text.xcconfig; name = "Pods-RxSwiftMVVM.debug.xcconfig"; path = "Pods/Target Support Files/Pods-RxSwiftMVVM/Pods-RxSwiftMVVM.debug.xcconfig"; sourceTree = "<group>"; };
		A1497ADF3F615BB6CFA1A4E5 /* Pods_RxSwiftMVVM.framework */ = {isa = PBXFileReference; explicitFileType = wrapper.framework; includeInIndex = 0; path = Pods_RxSwiftMVVM.framework; sourceTree = BUILT_PRODUCTS_DIR; };
/* End PBXFileReference section */

/* Begin PBXFrameworksBuildPhase section */
		4D61C63C21E88DC500C1960F /* Frameworks */ = {
			isa = PBXFrameworksBuildPhase;
			buildActionMask = 2147483647;
			files = (
				C8B2EAF4438F9DD3EF8E322E /* Pods_RxSwiftMVVM.framework in Frameworks */,
			);
			runOnlyForDeploymentPostprocessing = 0;
		};
/* End PBXFrameworksBuildPhase section */

/* Begin PBXGroup section */
		45D5A857EF981984517BC4D2 /* Pods */ = {
			isa = PBXGroup;
			children = (
				7A066CBD7325DBAB950FAFE5 /* Pods-RxSwiftMVVM.debug.xcconfig */,
				112354459258E0586D12A563 /* Pods-RxSwiftMVVM.release.xcconfig */,
			);
			name = Pods;
			sourceTree = "<group>";
		};
		4D61C63621E88DC500C1960F = {
			isa = PBXGroup;
			children = (
				4D61C64121E88DC500C1960F /* RxSwiftMVVM */,
				4D61C64021E88DC500C1960F /* Products */,
				45D5A857EF981984517BC4D2 /* Pods */,
				8A978C50228980459B37809A /* Frameworks */,
			);
			sourceTree = "<group>";
		};
		4D61C64021E88DC500C1960F /* Products */ = {
			isa = PBXGroup;
			children = (
				4D61C63F21E88DC500C1960F /* RxSwiftMVVM.app */,
			);
			name = Products;
			sourceTree = "<group>";
		};
		4D61C64121E88DC500C1960F /* RxSwiftMVVM */ = {
			isa = PBXGroup;
			children = (
				4D61C65C21E8A98C00C1960F /* Moya-ObjectMapper */,
				4D61C64221E88DC500C1960F /* AppDelegate.swift */,
				4D91BBEC21F074C300C0E9EF /* UIApplication+Rx.swift */,
				4D61C64421E88DC500C1960F /* ViewController.swift */,
				4D91BBE421F05FF500C0E9EF /* TestViewController.swift */,
				4D91BBF421F08D9900C0E9EF /* UIImagePickerController+RxCreate.swift */,
				4D533DEB21EEEA57000B771D /* DefaultImplementations.swift */,
				4D533DEF21EF37CF000B771D /* ActivityIndicator.swift */,
				4D533DED21EEF9B1000B771D /* ViewModel.swift */,
				4D61C64621E88DC500C1960F /* Main.storyboard */,
				4D91BBEA21F072F400C0E9EF /* RxUIApplicationDelegateProxy.swift */,
				4D7F554321EEDF3D007E22FC /* BindingExtension.swift */,
				4D7F554521EEDF90007E22FC /* Protocol.swift */,
				4D61C64921E88DC600C1960F /* Assets.xcassets */,
				4D61C64B21E88DC600C1960F /* LaunchScreen.storyboard */,
				4D61C64E21E88DC600C1960F /* Info.plist */,
				4D91BBEE21F0800900C0E9EF /* RxImagePickerDelegateProxy.swift */,
				4D91BBF221F0825C00C0E9EF /* UIImagePickerController+Rx.swift */,
			);
			path = RxSwiftMVVM;
			sourceTree = "<group>";
		};
		4D61C65C21E8A98C00C1960F /* Moya-ObjectMapper */ = {
			isa = PBXGroup;
			children = (
				4D61C66021E8A9BD00C1960F /* ObservableType+ObjectMapper.swift */,
				4D61C65F21E8A9BD00C1960F /* Single+ObjectMapper.swift */,
				4D61C65D21E8A9AD00C1960F /* Response+ObjectMapper.swift */,
			);
			path = "Moya-ObjectMapper";
			sourceTree = "<group>";
		};
		8A978C50228980459B37809A /* Frameworks */ = {
			isa = PBXGroup;
			children = (
				A1497ADF3F615BB6CFA1A4E5 /* Pods_RxSwiftMVVM.framework */,
			);
			name = Frameworks;
			sourceTree = "<group>";
		};
/* End PBXGroup section */

/* Begin PBXNativeTarget section */
		4D61C63E21E88DC500C1960F /* RxSwiftMVVM */ = {
			isa = PBXNativeTarget;
			buildConfigurationList = 4D61C65121E88DC600C1960F /* Build configuration list for PBXNativeTarget "RxSwiftMVVM" */;
			buildPhases = (
				27F01F8C48C97E970287EC91 /* [CP] Check Pods Manifest.lock */,
				4D61C63B21E88DC500C1960F /* Sources */,
				4D61C63C21E88DC500C1960F /* Frameworks */,
				4D61C63D21E88DC500C1960F /* Resources */,
				DD25C4528874A7E58144C6C9 /* [CP] Embed Pods Frameworks */,
			);
			buildRules = (
			);
			dependencies = (
			);
			name = RxSwiftMVVM;
			productName = RxSwiftMVVM;
			productReference = 4D61C63F21E88DC500C1960F /* RxSwiftMVVM.app */;
			productType = "com.apple.product-type.application";
		};
/* End PBXNativeTarget section */

/* Begin PBXProject section */
		4D61C63721E88DC500C1960F /* Project object */ = {
			isa = PBXProject;
			attributes = {
				LastSwiftUpdateCheck = 1010;
				LastUpgradeCheck = 1010;
				ORGANIZATIONNAME = Mark;
				TargetAttributes = {
					4D61C63E21E88DC500C1960F = {
						CreatedOnToolsVersion = 10.1;
					};
				};
			};
			buildConfigurationList = 4D61C63A21E88DC500C1960F /* Build configuration list for PBXProject "RxSwiftMVVM" */;
			compatibilityVersion = "Xcode 9.3";
			developmentRegion = en;
			hasScannedForEncodings = 0;
			knownRegions = (
				en,
				Base,
			);
			mainGroup = 4D61C63621E88DC500C1960F;
			productRefGroup = 4D61C64021E88DC500C1960F /* Products */;
			projectDirPath = "";
			projectRoot = "";
			targets = (
				4D61C63E21E88DC500C1960F /* RxSwiftMVVM */,
			);
		};
/* End PBXProject section */

/* Begin PBXResourcesBuildPhase section */
		4D61C63D21E88DC500C1960F /* Resources */ = {
			isa = PBXResourcesBuildPhase;
			buildActionMask = 2147483647;
			files = (
				4D61C64D21E88DC600C1960F /* LaunchScreen.storyboard in Resources */,
				4D61C64A21E88DC600C1960F /* Assets.xcassets in Resources */,
				4D61C64821E88DC500C1960F /* Main.storyboard in Resources */,
			);
			runOnlyForDeploymentPostprocessing = 0;
		};
/* End PBXResourcesBuildPhase section */

/* Begin PBXShellScriptBuildPhase section */
		27F01F8C48C97E970287EC91 /* [CP] Check Pods Manifest.lock */ = {
			isa = PBXShellScriptBuildPhase;
			buildActionMask = 2147483647;
			files = (
			);
			inputFileListPaths = (
			);
			inputPaths = (
				"${PODS_PODFILE_DIR_PATH}/Podfile.lock",
				"${PODS_ROOT}/Manifest.lock",
			);
			name = "[CP] Check Pods Manifest.lock";
			outputFileListPaths = (
			);
			outputPaths = (
				"$(DERIVED_FILE_DIR)/Pods-RxSwiftMVVM-checkManifestLockResult.txt",
			);
			runOnlyForDeploymentPostprocessing = 0;
			shellPath = /bin/sh;
			shellScript = "diff \"${PODS_PODFILE_DIR_PATH}/Podfile.lock\" \"${PODS_ROOT}/Manifest.lock\" > /dev/null\nif [ $? != 0 ] ; then\n    # print error to STDERR\n    echo \"error: The sandbox is not in sync with the Podfile.lock. Run 'pod install' or update your CocoaPods installation.\" >&2\n    exit 1\nfi\n# This output is used by Xcode 'outputs' to avoid re-running this script phase.\necho \"SUCCESS\" > \"${SCRIPT_OUTPUT_FILE_0}\"\n";
			showEnvVarsInLog = 0;
		};
		DD25C4528874A7E58144C6C9 /* [CP] Embed Pods Frameworks */ = {
			isa = PBXShellScriptBuildPhase;
			buildActionMask = 2147483647;
			files = (
			);
			inputFileListPaths = (
			);
			inputPaths = (
				"${SRCROOT}/Pods/Target Support Files/Pods-RxSwiftMVVM/Pods-RxSwiftMVVM-frameworks.sh",
				"${BUILT_PRODUCTS_DIR}/Alamofire/Alamofire.framework",
				"${BUILT_PRODUCTS_DIR}/Moya/Moya.framework",
				"${BUILT_PRODUCTS_DIR}/ObjectMapper/ObjectMapper.framework",
				"${BUILT_PRODUCTS_DIR}/Result/Result.framework",
				"${BUILT_PRODUCTS_DIR}/RxAtomic/RxAtomic.framework",
				"${BUILT_PRODUCTS_DIR}/RxCocoa/RxCocoa.framework",
				"${BUILT_PRODUCTS_DIR}/RxSwift/RxSwift.framework",
			);
			name = "[CP] Embed Pods Frameworks";
			outputFileListPaths = (
			);
			outputPaths = (
				"${TARGET_BUILD_DIR}/${FRAMEWORKS_FOLDER_PATH}/Alamofire.framework",
				"${TARGET_BUILD_DIR}/${FRAMEWORKS_FOLDER_PATH}/Moya.framework",
				"${TARGET_BUILD_DIR}/${FRAMEWORKS_FOLDER_PATH}/ObjectMapper.framework",
				"${TARGET_BUILD_DIR}/${FRAMEWORKS_FOLDER_PATH}/Result.framework",
				"${TARGET_BUILD_DIR}/${FRAMEWORKS_FOLDER_PATH}/RxAtomic.framework",
				"${TARGET_BUILD_DIR}/${FRAMEWORKS_FOLDER_PATH}/RxCocoa.framework",
				"${TARGET_BUILD_DIR}/${FRAMEWORKS_FOLDER_PATH}/RxSwift.framework",
			);
			runOnlyForDeploymentPostprocessing = 0;
			shellPath = /bin/sh;
			shellScript = "\"${SRCROOT}/Pods/Target Support Files/Pods-RxSwiftMVVM/Pods-RxSwiftMVVM-frameworks.sh\"\n";
			showEnvVarsInLog = 0;
		};
/* End PBXShellScriptBuildPhase section */

/* Begin PBXSourcesBuildPhase section */
		4D61C63B21E88DC500C1960F /* Sources */ = {
			isa = PBXSourcesBuildPhase;
			buildActionMask = 2147483647;
			files = (
				4D61C64521E88DC500C1960F /* ViewController.swift in Sources */,
				4D533DEE21EEF9B1000B771D /* ViewModel.swift in Sources */,
				4D91BBE521F05FF500C0E9EF /* TestViewController.swift in Sources */,
				4D91BBF521F08D9900C0E9EF /* UIImagePickerController+RxCreate.swift in Sources */,
				4D7F554421EEDF3D007E22FC /* BindingExtension.swift in Sources */,
				4D91BBED21F074C300C0E9EF /* UIApplication+Rx.swift in Sources */,
				4D61C66221E8A9BD00C1960F /* ObservableType+ObjectMapper.swift in Sources */,
				4D91BBF321F0825C00C0E9EF /* UIImagePickerController+Rx.swift in Sources */,
				4D91BBEF21F0800900C0E9EF /* RxImagePickerDelegateProxy.swift in Sources */,
				4D61C66121E8A9BD00C1960F /* Single+ObjectMapper.swift in Sources */,
				4D61C65E21E8A9AD00C1960F /* Response+ObjectMapper.swift in Sources */,
				4D533DF021EF37CF000B771D /* ActivityIndicator.swift in Sources */,
				4D533DEC21EEEA57000B771D /* DefaultImplementations.swift in Sources */,
				4D61C64321E88DC500C1960F /* AppDelegate.swift in Sources */,
				4D91BBEB21F072F400C0E9EF /* RxUIApplicationDelegateProxy.swift in Sources */,
				4D7F554621EEDF90007E22FC /* Protocol.swift in Sources */,
			);
			runOnlyForDeploymentPostprocessing = 0;
		};
/* End PBXSourcesBuildPhase section */

/* Begin PBXVariantGroup section */
		4D61C64621E88DC500C1960F /* Main.storyboard */ = {
			isa = PBXVariantGroup;
			children = (
				4D61C64721E88DC500C1960F /* Base */,
			);
			name = Main.storyboard;
			sourceTree = "<group>";
		};
		4D61C64B21E88DC600C1960F /* LaunchScreen.storyboard */ = {
			isa = PBXVariantGroup;
			children = (
				4D61C64C21E88DC600C1960F /* Base */,
			);
			name = LaunchScreen.storyboard;
			sourceTree = "<group>";
		};
/* End PBXVariantGroup section */

/* Begin XCBuildConfiguration section */
		4D61C64F21E88DC600C1960F /* Debug */ = {
			isa = XCBuildConfiguration;
			buildSettings = {
				ALWAYS_SEARCH_USER_PATHS = NO;
				CLANG_ANALYZER_NONNULL = YES;
				CLANG_ANALYZER_NUMBER_OBJECT_CONVERSION = YES_AGGRESSIVE;
				CLANG_CXX_LANGUAGE_STANDARD = "gnu++14";
				CLANG_CXX_LIBRARY = "libc++";
				CLANG_ENABLE_MODULES = YES;
				CLANG_ENABLE_OBJC_ARC = YES;
				CLANG_ENABLE_OBJC_WEAK = YES;
				CLANG_WARN_BLOCK_CAPTURE_AUTORELEASING = YES;
				CLANG_WARN_BOOL_CONVERSION = YES;
				CLANG_WARN_COMMA = YES;
				CLANG_WARN_CONSTANT_CONVERSION = YES;
				CLANG_WARN_DEPRECATED_OBJC_IMPLEMENTATIONS = YES;
				CLANG_WARN_DIRECT_OBJC_ISA_USAGE = YES_ERROR;
				CLANG_WARN_DOCUMENTATION_COMMENTS = YES;
				CLANG_WARN_EMPTY_BODY = YES;
				CLANG_WARN_ENUM_CONVERSION = YES;
				CLANG_WARN_INFINITE_RECURSION = YES;
				CLANG_WARN_INT_CONVERSION = YES;
				CLANG_WARN_NON_LITERAL_NULL_CONVERSION = YES;
				CLANG_WARN_OBJC_IMPLICIT_RETAIN_SELF = YES;
				CLANG_WARN_OBJC_LITERAL_CONVERSION = YES;
				CLANG_WARN_OBJC_ROOT_CLASS = YES_ERROR;
				CLANG_WARN_RANGE_LOOP_ANALYSIS = YES;
				CLANG_WARN_STRICT_PROTOTYPES = YES;
				CLANG_WARN_SUSPICIOUS_MOVE = YES;
				CLANG_WARN_UNGUARDED_AVAILABILITY = YES_AGGRESSIVE;
				CLANG_WARN_UNREACHABLE_CODE = YES;
				CLANG_WARN__DUPLICATE_METHOD_MATCH = YES;
				CODE_SIGN_IDENTITY = "iPhone Developer";
				COPY_PHASE_STRIP = NO;
				DEBUG_INFORMATION_FORMAT = dwarf;
				ENABLE_STRICT_OBJC_MSGSEND = YES;
				ENABLE_TESTABILITY = YES;
				GCC_C_LANGUAGE_STANDARD = gnu11;
				GCC_DYNAMIC_NO_PIC = NO;
				GCC_NO_COMMON_BLOCKS = YES;
				GCC_OPTIMIZATION_LEVEL = 0;
				GCC_PREPROCESSOR_DEFINITIONS = (
					"DEBUG=1",
					"$(inherited)",
				);
				GCC_WARN_64_TO_32_BIT_CONVERSION = YES;
				GCC_WARN_ABOUT_RETURN_TYPE = YES_ERROR;
				GCC_WARN_UNDECLARED_SELECTOR = YES;
				GCC_WARN_UNINITIALIZED_AUTOS = YES_AGGRESSIVE;
				GCC_WARN_UNUSED_FUNCTION = YES;
				GCC_WARN_UNUSED_VARIABLE = YES;
				IPHONEOS_DEPLOYMENT_TARGET = 12.1;
				MTL_ENABLE_DEBUG_INFO = INCLUDE_SOURCE;
				MTL_FAST_MATH = YES;
				ONLY_ACTIVE_ARCH = YES;
				SDKROOT = iphoneos;
				SWIFT_ACTIVE_COMPILATION_CONDITIONS = DEBUG;
				SWIFT_OPTIMIZATION_LEVEL = "-Onone";
			};
			name = Debug;
		};
		4D61C65021E88DC600C1960F /* Release */ = {
			isa = XCBuildConfiguration;
			buildSettings = {
				ALWAYS_SEARCH_USER_PATHS = NO;
				CLANG_ANALYZER_NONNULL = YES;
				CLANG_ANALYZER_NUMBER_OBJECT_CONVERSION = YES_AGGRESSIVE;
				CLANG_CXX_LANGUAGE_STANDARD = "gnu++14";
				CLANG_CXX_LIBRARY = "libc++";
				CLANG_ENABLE_MODULES = YES;
				CLANG_ENABLE_OBJC_ARC = YES;
				CLANG_ENABLE_OBJC_WEAK = YES;
				CLANG_WARN_BLOCK_CAPTURE_AUTORELEASING = YES;
				CLANG_WARN_BOOL_CONVERSION = YES;
				CLANG_WARN_COMMA = YES;
				CLANG_WARN_CONSTANT_CONVERSION = YES;
				CLANG_WARN_DEPRECATED_OBJC_IMPLEMENTATIONS = YES;
				CLANG_WARN_DIRECT_OBJC_ISA_USAGE = YES_ERROR;
				CLANG_WARN_DOCUMENTATION_COMMENTS = YES;
				CLANG_WARN_EMPTY_BODY = YES;
				CLANG_WARN_ENUM_CONVERSION = YES;
				CLANG_WARN_INFINITE_RECURSION = YES;
				CLANG_WARN_INT_CONVERSION = YES;
				CLANG_WARN_NON_LITERAL_NULL_CONVERSION = YES;
				CLANG_WARN_OBJC_IMPLICIT_RETAIN_SELF = YES;
				CLANG_WARN_OBJC_LITERAL_CONVERSION = YES;
				CLANG_WARN_OBJC_ROOT_CLASS = YES_ERROR;
				CLANG_WARN_RANGE_LOOP_ANALYSIS = YES;
				CLANG_WARN_STRICT_PROTOTYPES = YES;
				CLANG_WARN_SUSPICIOUS_MOVE = YES;
				CLANG_WARN_UNGUARDED_AVAILABILITY = YES_AGGRESSIVE;
				CLANG_WARN_UNREACHABLE_CODE = YES;
				CLANG_WARN__DUPLICATE_METHOD_MATCH = YES;
				CODE_SIGN_IDENTITY = "iPhone Developer";
				COPY_PHASE_STRIP = NO;
				DEBUG_INFORMATION_FORMAT = "dwarf-with-dsym";
				ENABLE_NS_ASSERTIONS = NO;
				ENABLE_STRICT_OBJC_MSGSEND = YES;
				GCC_C_LANGUAGE_STANDARD = gnu11;
				GCC_NO_COMMON_BLOCKS = YES;
				GCC_WARN_64_TO_32_BIT_CONVERSION = YES;
				GCC_WARN_ABOUT_RETURN_TYPE = YES_ERROR;
				GCC_WARN_UNDECLARED_SELECTOR = YES;
				GCC_WARN_UNINITIALIZED_AUTOS = YES_AGGRESSIVE;
				GCC_WARN_UNUSED_FUNCTION = YES;
				GCC_WARN_UNUSED_VARIABLE = YES;
				IPHONEOS_DEPLOYMENT_TARGET = 12.1;
				MTL_ENABLE_DEBUG_INFO = NO;
				MTL_FAST_MATH = YES;
				SDKROOT = iphoneos;
				SWIFT_COMPILATION_MODE = wholemodule;
				SWIFT_OPTIMIZATION_LEVEL = "-O";
				VALIDATE_PRODUCT = YES;
			};
			name = Release;
		};
		4D61C65221E88DC600C1960F /* Debug */ = {
			isa = XCBuildConfiguration;
			baseConfigurationReference = 7A066CBD7325DBAB950FAFE5 /* Pods-RxSwiftMVVM.debug.xcconfig */;
			buildSettings = {
				ASSETCATALOG_COMPILER_APPICON_NAME = AppIcon;
				CODE_SIGN_STYLE = Automatic;
				INFOPLIST_FILE = RxSwiftMVVM/Info.plist;
				LD_RUNPATH_SEARCH_PATHS = (
					"$(inherited)",
					"@executable_path/Frameworks",
				);
				PRODUCT_BUNDLE_IDENTIFIER = techart13.RxSwiftMVVM;
				PRODUCT_NAME = "$(TARGET_NAME)";
				SWIFT_VERSION = 4.2;
				TARGETED_DEVICE_FAMILY = "1,2";
			};
			name = Debug;
		};
		4D61C65321E88DC600C1960F /* Release */ = {
			isa = XCBuildConfiguration;
			baseConfigurationReference = 112354459258E0586D12A563 /* Pods-RxSwiftMVVM.release.xcconfig */;
			buildSettings = {
				ASSETCATALOG_COMPILER_APPICON_NAME = AppIcon;
				CODE_SIGN_STYLE = Automatic;
				INFOPLIST_FILE = RxSwiftMVVM/Info.plist;
				LD_RUNPATH_SEARCH_PATHS = (
					"$(inherited)",
					"@executable_path/Frameworks",
				);
				PRODUCT_BUNDLE_IDENTIFIER = techart13.RxSwiftMVVM;
				PRODUCT_NAME = "$(TARGET_NAME)";
				SWIFT_VERSION = 4.2;
				TARGETED_DEVICE_FAMILY = "1,2";
			};
			name = Release;
		};
/* End XCBuildConfiguration section */

/* Begin XCConfigurationList section */
		4D61C63A21E88DC500C1960F /* Build configuration list for PBXProject "RxSwiftMVVM" */ = {
			isa = XCConfigurationList;
			buildConfigurations = (
				4D61C64F21E88DC600C1960F /* Debug */,
				4D61C65021E88DC600C1960F /* Release */,
			);
			defaultConfigurationIsVisible = 0;
			defaultConfigurationName = Release;
		};
		4D61C65121E88DC600C1960F /* Build configuration list for PBXNativeTarget "RxSwiftMVVM" */ = {
			isa = XCConfigurationList;
			buildConfigurations = (
				4D61C65221E88DC600C1960F /* Debug */,
				4D61C65321E88DC600C1960F /* Release */,
			);
			defaultConfigurationIsVisible = 0;
			defaultConfigurationName = Release;
		};
/* End XCConfigurationList section */
	};
	rootObject = 4D61C63721E88DC500C1960F /* Project object */;
}
